// !$*UTF8*$!
{
	archiveVersion = 1;
	classes = {
	};
	objectVersion = 45;
	objects = {

/* Begin PBXBuildFile section */
		1D3623260D0F684500981E51 /* ianimateAppDelegate.m in Sources */ = {isa = PBXBuildFile; fileRef = 1D3623250D0F684500981E51 /* ianimateAppDelegate.m */; };
		1D60589B0D05DD56006BFB54 /* main.m in Sources */ = {isa = PBXBuildFile; fileRef = 29B97316FDCFA39411CA2CEA /* main.m */; };
		1D60589F0D05DD5A006BFB54 /* Foundation.framework in Frameworks */ = {isa = PBXBuildFile; fileRef = 1D30AB110D05D00D00671497 /* Foundation.framework */; };
		1DF5F4E00D08C38300B7A737 /* UIKit.framework in Frameworks */ = {isa = PBXBuildFile; fileRef = 1DF5F4DF0D08C38300B7A737 /* UIKit.framework */; };
		288765A50DF7441C002DB57D /* CoreGraphics.framework in Frameworks */ = {isa = PBXBuildFile; fileRef = 288765A40DF7441C002DB57D /* CoreGraphics.framework */; };
		2899E5220DE3E06400AC0155 /* ianimateViewController.xib in Resources */ = {isa = PBXBuildFile; fileRef = 2899E5210DE3E06400AC0155 /* ianimateViewController.xib */; };
		28AD733F0D9D9553002E5188 /* MainWindow.xib in Resources */ = {isa = PBXBuildFile; fileRef = 28AD733E0D9D9553002E5188 /* MainWindow.xib */; };
		28D7ACF80DDB3853001CB0EB /* ianimateViewController.m in Sources */ = {isa = PBXBuildFile; fileRef = 28D7ACF70DDB3853001CB0EB /* ianimateViewController.m */; };
		2B4DD2790F786253004F44C2 /* AccelerometerSimulation.m in Sources */ = {isa = PBXBuildFile; fileRef = 2B4DD2780F786253004F44C2 /* AccelerometerSimulation.m */; };
		2B6461830F9AD97000B8B23D /* GameData.m in Sources */ = {isa = PBXBuildFile; fileRef = 2B6461820F9AD97000B8B23D /* GameData.m */; };
		2B6461B70F9ADB5F00B8B23D /* GameObject.m in Sources */ = {isa = PBXBuildFile; fileRef = 2B6461B60F9ADB5F00B8B23D /* GameObject.m */; };
		2B6461C50F9ADBFB00B8B23D /* LittleDudeObject.m in Sources */ = {isa = PBXBuildFile; fileRef = 2B6461C40F9ADBFB00B8B23D /* LittleDudeObject.m */; };
		2B64626E0F9AE1AF00B8B23D /* GameObjectLayer.m in Sources */ = {isa = PBXBuildFile; fileRef = 2B64626D0F9AE1AF00B8B23D /* GameObjectLayer.m */; };
		2B6462A10F9AE23700B8B23D /* ImageLayer.m in Sources */ = {isa = PBXBuildFile; fileRef = 2B6462A00F9AE23700B8B23D /* ImageLayer.m */; };
		2B8F1DE50F9BD39C00A62EB6 /* girl.png in Resources */ = {isa = PBXBuildFile; fileRef = 2B8F1DE40F9BD39C00A62EB6 /* girl.png */; };
		2B8F1E200F9BD5E000A62EB6 /* circle.png in Resources */ = {isa = PBXBuildFile; fileRef = 2B8F1E1F0F9BD5E000A62EB6 /* circle.png */; };
		2B8F1EA30F9BEEA900A62EB6 /* sample.mp3 in Resources */ = {isa = PBXBuildFile; fileRef = 2B8F1EA20F9BEEA900A62EB6 /* sample.mp3 */; };
		2B8F1ECA0F9BEFDD00A62EB6 /* AVFoundation.framework in Frameworks */ = {isa = PBXBuildFile; fileRef = 2B8F1EC90F9BEFDD00A62EB6 /* AVFoundation.framework */; };
		2B8F1EF30F9BF10300A62EB6 /* AudioToolbox.framework in Frameworks */ = {isa = PBXBuildFile; fileRef = 2B8F1EF20F9BF10300A62EB6 /* AudioToolbox.framework */; };
		2B8F1F230F9BF29100A62EB6 /* Pop.aiff in Resources */ = {isa = PBXBuildFile; fileRef = 2B8F1F220F9BF29100A62EB6 /* Pop.aiff */; };
		2B8F20330F9C081C00A62EB6 /* GGBLayer.m in Sources */ = {isa = PBXBuildFile; fileRef = 2B8F20300F9C081C00A62EB6 /* GGBLayer.m */; };
		2B8F20340F9C081C00A62EB6 /* GGBTextLayer.m in Sources */ = {isa = PBXBuildFile; fileRef = 2B8F20320F9C081C00A62EB6 /* GGBTextLayer.m */; };
		2B9A8FD80F7D5FE900A9E7BB /* little-dude.png in Resources */ = {isa = PBXBuildFile; fileRef = 2B9A8FD70F7D5FE900A9E7BB /* little-dude.png */; };
		2BA78E160F746936001C5ADF /* back.png in Resources */ = {isa = PBXBuildFile; fileRef = 2BA78E150F746936001C5ADF /* back.png */; };
		2BBAB0AE0F9AE79D00E3FC14 /* AsteroidFrontLayer.m in Sources */ = {isa = PBXBuildFile; fileRef = 2BBAB0AD0F9AE79D00E3FC14 /* AsteroidFrontLayer.m */; };
		2BBAB0ED0F9AEA3100E3FC14 /* background.pdf in Resources */ = {isa = PBXBuildFile; fileRef = 2BBAB0EC0F9AEA3100E3FC14 /* background.pdf */; };
		2BBAB2260F9AFD7A00E3FC14 /* QuartzUtils.m in Sources */ = {isa = PBXBuildFile; fileRef = 2BBAB2250F9AFD7A00E3FC14 /* QuartzUtils.m */; };
		2BBAB2350F9AFDCD00E3FC14 /* GGBUtils.m in Sources */ = {isa = PBXBuildFile; fileRef = 2BBAB2340F9AFDCD00E3FC14 /* GGBUtils.m */; };
		2BBAB3410F9B06BD00E3FC14 /* back2.png in Resources */ = {isa = PBXBuildFile; fileRef = 2BBAB3400F9B06BD00E3FC14 /* back2.png */; };
		FBBFBB830EA94FED00019F43 /* QuartzCore.framework in Frameworks */ = {isa = PBXBuildFile; fileRef = FBBFBB820EA94FEC00019F43 /* QuartzCore.framework */; };
		FBBFBB850EA9501200019F43 /* clipartPlane.png in Resources */ = {isa = PBXBuildFile; fileRef = FBBFBB840EA9501200019F43 /* clipartPlane.png */; };
/* End PBXBuildFile section */

/* Begin PBXFileReference section */
		1D30AB110D05D00D00671497 /* Foundation.framework */ = {isa = PBXFileReference; lastKnownFileType = wrapper.framework; name = Foundation.framework; path = System/Library/Frameworks/Foundation.framework; sourceTree = SDKROOT; };
		1D3623240D0F684500981E51 /* ianimateAppDelegate.h */ = {isa = PBXFileReference; fileEncoding = 4; lastKnownFileType = sourcecode.c.h; path = ianimateAppDelegate.h; sourceTree = "<group>"; };
		1D3623250D0F684500981E51 /* ianimateAppDelegate.m */ = {isa = PBXFileReference; fileEncoding = 4; lastKnownFileType = sourcecode.c.objc; path = ianimateAppDelegate.m; sourceTree = "<group>"; };
		1D6058910D05DD3D006BFB54 /* ianimate.app */ = {isa = PBXFileReference; explicitFileType = wrapper.application; includeInIndex = 0; path = ianimate.app; sourceTree = BUILT_PRODUCTS_DIR; };
		1DF5F4DF0D08C38300B7A737 /* UIKit.framework */ = {isa = PBXFileReference; lastKnownFileType = wrapper.framework; name = UIKit.framework; path = System/Library/Frameworks/UIKit.framework; sourceTree = SDKROOT; };
		288765A40DF7441C002DB57D /* CoreGraphics.framework */ = {isa = PBXFileReference; lastKnownFileType = wrapper.framework; name = CoreGraphics.framework; path = System/Library/Frameworks/CoreGraphics.framework; sourceTree = SDKROOT; };
		2899E5210DE3E06400AC0155 /* ianimateViewController.xib */ = {isa = PBXFileReference; lastKnownFileType = file.xib; path = ianimateViewController.xib; sourceTree = "<group>"; };
		28AD733E0D9D9553002E5188 /* MainWindow.xib */ = {isa = PBXFileReference; lastKnownFileType = file.xib; path = MainWindow.xib; sourceTree = "<group>"; };
		28D7ACF60DDB3853001CB0EB /* ianimateViewController.h */ = {isa = PBXFileReference; fileEncoding = 4; lastKnownFileType = sourcecode.c.h; path = ianimateViewController.h; sourceTree = "<group>"; };
		28D7ACF70DDB3853001CB0EB /* ianimateViewController.m */ = {isa = PBXFileReference; fileEncoding = 4; lastKnownFileType = sourcecode.c.objc; path = ianimateViewController.m; sourceTree = "<group>"; };
		29B97316FDCFA39411CA2CEA /* main.m */ = {isa = PBXFileReference; fileEncoding = 4; lastKnownFileType = sourcecode.c.objc; path = main.m; sourceTree = "<group>"; };
		2B4DD2770F786253004F44C2 /* AccelerometerSimulation.h */ = {isa = PBXFileReference; fileEncoding = 4; lastKnownFileType = sourcecode.c.h; path = AccelerometerSimulation.h; sourceTree = "<group>"; };
		2B4DD2780F786253004F44C2 /* AccelerometerSimulation.m */ = {isa = PBXFileReference; fileEncoding = 4; lastKnownFileType = sourcecode.c.objc; path = AccelerometerSimulation.m; sourceTree = "<group>"; };
		2B6461810F9AD97000B8B23D /* GameData.h */ = {isa = PBXFileReference; fileEncoding = 4; lastKnownFileType = sourcecode.c.h; path = GameData.h; sourceTree = "<group>"; };
		2B6461820F9AD97000B8B23D /* GameData.m */ = {isa = PBXFileReference; fileEncoding = 4; lastKnownFileType = sourcecode.c.objc; path = GameData.m; sourceTree = "<group>"; };
		2B6461940F9AD9D600B8B23D /* SynthesizeSingleton.h */ = {isa = PBXFileReference; fileEncoding = 4; lastKnownFileType = sourcecode.c.h; path = SynthesizeSingleton.h; sourceTree = "<group>"; };
		2B6461B50F9ADB5F00B8B23D /* GameObject.h */ = {isa = PBXFileReference; fileEncoding = 4; lastKnownFileType = sourcecode.c.h; path = GameObject.h; sourceTree = "<group>"; };
		2B6461B60F9ADB5F00B8B23D /* GameObject.m */ = {isa = PBXFileReference; fileEncoding = 4; lastKnownFileType = sourcecode.c.objc; path = GameObject.m; sourceTree = "<group>"; };
		2B6461C30F9ADBFB00B8B23D /* LittleDudeObject.h */ = {isa = PBXFileReference; fileEncoding = 4; lastKnownFileType = sourcecode.c.h; path = LittleDudeObject.h; sourceTree = "<group>"; };
		2B6461C40F9ADBFB00B8B23D /* LittleDudeObject.m */ = {isa = PBXFileReference; fileEncoding = 4; lastKnownFileType = sourcecode.c.objc; path = LittleDudeObject.m; sourceTree = "<group>"; };
		2B64626C0F9AE1AF00B8B23D /* GameObjectLayer.h */ = {isa = PBXFileReference; fileEncoding = 4; lastKnownFileType = sourcecode.c.h; path = GameObjectLayer.h; sourceTree = "<group>"; };
		2B64626D0F9AE1AF00B8B23D /* GameObjectLayer.m */ = {isa = PBXFileReference; fileEncoding = 4; lastKnownFileType = sourcecode.c.objc; path = GameObjectLayer.m; sourceTree = "<group>"; };
		2B64629F0F9AE23700B8B23D /* ImageLayer.h */ = {isa = PBXFileReference; fileEncoding = 4; lastKnownFileType = sourcecode.c.h; path = ImageLayer.h; sourceTree = "<group>"; };
		2B6462A00F9AE23700B8B23D /* ImageLayer.m */ = {isa = PBXFileReference; fileEncoding = 4; lastKnownFileType = sourcecode.c.objc; path = ImageLayer.m; sourceTree = "<group>"; };
		2B8F1DE40F9BD39C00A62EB6 /* girl.png */ = {isa = PBXFileReference; lastKnownFileType = image.png; path = girl.png; sourceTree = "<group>"; };
		2B8F1E1F0F9BD5E000A62EB6 /* circle.png */ = {isa = PBXFileReference; lastKnownFileType = image.png; path = circle.png; sourceTree = "<group>"; };
		2B8F1EA20F9BEEA900A62EB6 /* sample.mp3 */ = {isa = PBXFileReference; lastKnownFileType = audio.mp3; path = sample.mp3; sourceTree = "<group>"; };
		2B8F1EC90F9BEFDD00A62EB6 /* AVFoundation.framework */ = {isa = PBXFileReference; lastKnownFileType = wrapper.framework; name = AVFoundation.framework; path = System/Library/Frameworks/AVFoundation.framework; sourceTree = SDKROOT; };
		2B8F1EF20F9BF10300A62EB6 /* AudioToolbox.framework */ = {isa = PBXFileReference; lastKnownFileType = wrapper.framework; name = AudioToolbox.framework; path = System/Library/Frameworks/AudioToolbox.framework; sourceTree = SDKROOT; };
		2B8F1F220F9BF29100A62EB6 /* Pop.aiff */ = {isa = PBXFileReference; lastKnownFileType = audio.aiff; path = Pop.aiff; sourceTree = "<group>"; };
		2B8F202F0F9C081C00A62EB6 /* GGBLayer.h */ = {isa = PBXFileReference; fileEncoding = 4; lastKnownFileType = sourcecode.c.h; path = GGBLayer.h; sourceTree = "<group>"; };
		2B8F20300F9C081C00A62EB6 /* GGBLayer.m */ = {isa = PBXFileReference; fileEncoding = 4; lastKnownFileType = sourcecode.c.objc; path = GGBLayer.m; sourceTree = "<group>"; };
		2B8F20310F9C081C00A62EB6 /* GGBTextLayer.h */ = {isa = PBXFileReference; fileEncoding = 4; lastKnownFileType = sourcecode.c.h; path = GGBTextLayer.h; sourceTree = "<group>"; };
		2B8F20320F9C081C00A62EB6 /* GGBTextLayer.m */ = {isa = PBXFileReference; fileEncoding = 4; lastKnownFileType = sourcecode.c.objc; path = GGBTextLayer.m; sourceTree = "<group>"; };
		2B9A8FD70F7D5FE900A9E7BB /* little-dude.png */ = {isa = PBXFileReference; lastKnownFileType = image.png; path = "little-dude.png"; sourceTree = "<group>"; };
		2BA78E150F746936001C5ADF /* back.png */ = {isa = PBXFileReference; lastKnownFileType = image.png; path = back.png; sourceTree = "<group>"; };
		2BBAB0AC0F9AE79D00E3FC14 /* AsteroidFrontLayer.h */ = {isa = PBXFileReference; fileEncoding = 4; lastKnownFileType = sourcecode.c.h; path = AsteroidFrontLayer.h; sourceTree = "<group>"; };
		2BBAB0AD0F9AE79D00E3FC14 /* AsteroidFrontLayer.m */ = {isa = PBXFileReference; fileEncoding = 4; lastKnownFileType = sourcecode.c.objc; path = AsteroidFrontLayer.m; sourceTree = "<group>"; };
		2BBAB0EC0F9AEA3100E3FC14 /* background.pdf */ = {isa = PBXFileReference; lastKnownFileType = image.pdf; path = background.pdf; sourceTree = "<group>"; };
		2BBAB2240F9AFD7A00E3FC14 /* QuartzUtils.h */ = {isa = PBXFileReference; fileEncoding = 4; lastKnownFileType = sourcecode.c.h; path = QuartzUtils.h; sourceTree = "<group>"; };
		2BBAB2250F9AFD7A00E3FC14 /* QuartzUtils.m */ = {isa = PBXFileReference; fileEncoding = 4; lastKnownFileType = sourcecode.c.objc; path = QuartzUtils.m; sourceTree = "<group>"; };
		2BBAB2330F9AFDCD00E3FC14 /* GGBUtils.h */ = {isa = PBXFileReference; fileEncoding = 4; lastKnownFileType = sourcecode.c.h; path = GGBUtils.h; sourceTree = "<group>"; };
		2BBAB2340F9AFDCD00E3FC14 /* GGBUtils.m */ = {isa = PBXFileReference; fileEncoding = 4; lastKnownFileType = sourcecode.c.objc; path = GGBUtils.m; sourceTree = "<group>"; };
		2BBAB3400F9B06BD00E3FC14 /* back2.png */ = {isa = PBXFileReference; lastKnownFileType = image.png; path = back2.png; sourceTree = "<group>"; };
		32CA4F630368D1EE00C91783 /* ianimate_Prefix.pch */ = {isa = PBXFileReference; fileEncoding = 4; lastKnownFileType = sourcecode.c.h; path = ianimate_Prefix.pch; sourceTree = "<group>"; };
		8D1107310486CEB800E47090 /* Info.plist */ = {isa = PBXFileReference; fileEncoding = 4; lastKnownFileType = text.plist.xml; path = Info.plist; sourceTree = "<group>"; };
		FBBFBB820EA94FEC00019F43 /* QuartzCore.framework */ = {isa = PBXFileReference; lastKnownFileType = wrapper.framework; name = QuartzCore.framework; path = System/Library/Frameworks/QuartzCore.framework; sourceTree = SDKROOT; };
		FBBFBB840EA9501200019F43 /* clipartPlane.png */ = {isa = PBXFileReference; lastKnownFileType = image.png; path = clipartPlane.png; sourceTree = "<group>"; };
/* End PBXFileReference section */

/* Begin PBXFrameworksBuildPhase section */
		1D60588F0D05DD3D006BFB54 /* Frameworks */ = {
			isa = PBXFrameworksBuildPhase;
			buildActionMask = 2147483647;
			files = (
				1D60589F0D05DD5A006BFB54 /* Foundation.framework in Frameworks */,
				1DF5F4E00D08C38300B7A737 /* UIKit.framework in Frameworks */,
				288765A50DF7441C002DB57D /* CoreGraphics.framework in Frameworks */,
				FBBFBB830EA94FED00019F43 /* QuartzCore.framework in Frameworks */,
				2B8F1ECA0F9BEFDD00A62EB6 /* AVFoundation.framework in Frameworks */,
				2B8F1EF30F9BF10300A62EB6 /* AudioToolbox.framework in Frameworks */,
			);
			runOnlyForDeploymentPostprocessing = 0;
		};
/* End PBXFrameworksBuildPhase section */

/* Begin PBXGroup section */
		080E96DDFE201D6D7F000001 /* Classes */ = {
			isa = PBXGroup;
			children = (
				2BBAB2230F9AFD5D00E3FC14 /* Utils */,
				2B64626B0F9AE18600B8B23D /* Layers */,
				2B6461C30F9ADBFB00B8B23D /* LittleDudeObject.h */,
				2B6461C40F9ADBFB00B8B23D /* LittleDudeObject.m */,
				2B6461B50F9ADB5F00B8B23D /* GameObject.h */,
				2B6461B60F9ADB5F00B8B23D /* GameObject.m */,
				2B6461940F9AD9D600B8B23D /* SynthesizeSingleton.h */,
				2B6461810F9AD97000B8B23D /* GameData.h */,
				2B6461820F9AD97000B8B23D /* GameData.m */,
				2B4DD2770F786253004F44C2 /* AccelerometerSimulation.h */,
				2B4DD2780F786253004F44C2 /* AccelerometerSimulation.m */,
				1D3623240D0F684500981E51 /* ianimateAppDelegate.h */,
				1D3623250D0F684500981E51 /* ianimateAppDelegate.m */,
				28D7ACF60DDB3853001CB0EB /* ianimateViewController.h */,
				28D7ACF70DDB3853001CB0EB /* ianimateViewController.m */,
			);
			path = Classes;
			sourceTree = "<group>";
		};
		19C28FACFE9D520D11CA2CBB /* Products */ = {
			isa = PBXGroup;
			children = (
				1D6058910D05DD3D006BFB54 /* ianimate.app */,
			);
			name = Products;
			sourceTree = "<group>";
		};
		29B97314FDCFA39411CA2CEA /* CustomTemplate */ = {
			isa = PBXGroup;
			children = (
				FBBFBB820EA94FEC00019F43 /* QuartzCore.framework */,
				080E96DDFE201D6D7F000001 /* Classes */,
				29B97315FDCFA39411CA2CEA /* Other Sources */,
				29B97317FDCFA39411CA2CEA /* Resources */,
				29B97323FDCFA39411CA2CEA /* Frameworks */,
				19C28FACFE9D520D11CA2CBB /* Products */,
			);
			name = CustomTemplate;
			sourceTree = "<group>";
		};
		29B97315FDCFA39411CA2CEA /* Other Sources */ = {
			isa = PBXGroup;
			children = (
				32CA4F630368D1EE00C91783 /* ianimate_Prefix.pch */,
				29B97316FDCFA39411CA2CEA /* main.m */,
			);
			name = "Other Sources";
			sourceTree = "<group>";
		};
		29B97317FDCFA39411CA2CEA /* Resources */ = {
			isa = PBXGroup;
			children = (
				2B8F1F220F9BF29100A62EB6 /* Pop.aiff */,
				2B8F1EA20F9BEEA900A62EB6 /* sample.mp3 */,
				2B8F1E1F0F9BD5E000A62EB6 /* circle.png */,
				2B8F1DE40F9BD39C00A62EB6 /* girl.png */,
				2BBAB3400F9B06BD00E3FC14 /* back2.png */,
				2BBAB0EC0F9AEA3100E3FC14 /* background.pdf */,
				2B9A8FD70F7D5FE900A9E7BB /* little-dude.png */,
				2BA78E150F746936001C5ADF /* back.png */,
				FBBFBB840EA9501200019F43 /* clipartPlane.png */,
				2899E5210DE3E06400AC0155 /* ianimateViewController.xib */,
				28AD733E0D9D9553002E5188 /* MainWindow.xib */,
				8D1107310486CEB800E47090 /* Info.plist */,
			);
			name = Resources;
			sourceTree = "<group>";
		};
		29B97323FDCFA39411CA2CEA /* Frameworks */ = {
			isa = PBXGroup;
			children = (
				2B8F1EF20F9BF10300A62EB6 /* AudioToolbox.framework */,
				2B8F1EC90F9BEFDD00A62EB6 /* AVFoundation.framework */,
				1DF5F4DF0D08C38300B7A737 /* UIKit.framework */,
				1D30AB110D05D00D00671497 /* Foundation.framework */,
				288765A40DF7441C002DB57D /* CoreGraphics.framework */,
			);
			name = Frameworks;
			sourceTree = "<group>";
		};
		2B64626B0F9AE18600B8B23D /* Layers */ = {
			isa = PBXGroup;
			children = (
				2B8F202F0F9C081C00A62EB6 /* GGBLayer.h */,
				2B8F20300F9C081C00A62EB6 /* GGBLayer.m */,
				2B8F20310F9C081C00A62EB6 /* GGBTextLayer.h */,
				2B8F20320F9C081C00A62EB6 /* GGBTextLayer.m */,
				2BBAB0AC0F9AE79D00E3FC14 /* AsteroidFrontLayer.h */,
				2BBAB0AD0F9AE79D00E3FC14 /* AsteroidFrontLayer.m */,
				2B64629F0F9AE23700B8B23D /* ImageLayer.h */,
				2B6462A00F9AE23700B8B23D /* ImageLayer.m */,
				2B64626C0F9AE1AF00B8B23D /* GameObjectLayer.h */,
				2B64626D0F9AE1AF00B8B23D /* GameObjectLayer.m */,
			);
			name = Layers;
			sourceTree = "<group>";
		};
		2BBAB2230F9AFD5D00E3FC14 /* Utils */ = {
			isa = PBXGroup;
			children = (
				2BBAB2330F9AFDCD00E3FC14 /* GGBUtils.h */,
				2BBAB2340F9AFDCD00E3FC14 /* GGBUtils.m */,
				2BBAB2240F9AFD7A00E3FC14 /* QuartzUtils.h */,
				2BBAB2250F9AFD7A00E3FC14 /* QuartzUtils.m */,
			);
			name = Utils;
			sourceTree = "<group>";
		};
/* End PBXGroup section */

/* Begin PBXNativeTarget section */
		1D6058900D05DD3D006BFB54 /* ianimate */ = {
			isa = PBXNativeTarget;
			buildConfigurationList = 1D6058960D05DD3E006BFB54 /* Build configuration list for PBXNativeTarget "ianimate" */;
			buildPhases = (
				1D60588D0D05DD3D006BFB54 /* Resources */,
				1D60588E0D05DD3D006BFB54 /* Sources */,
				1D60588F0D05DD3D006BFB54 /* Frameworks */,
			);
			buildRules = (
			);
			dependencies = (
			);
			name = ianimate;
			productName = ianimate;
			productReference = 1D6058910D05DD3D006BFB54 /* ianimate.app */;
			productType = "com.apple.product-type.application";
		};
/* End PBXNativeTarget section */

/* Begin PBXProject section */
		29B97313FDCFA39411CA2CEA /* Project object */ = {
			isa = PBXProject;
			buildConfigurationList = C01FCF4E08A954540054247B /* Build configuration list for PBXProject "ianimate" */;
			compatibilityVersion = "Xcode 3.1";
			hasScannedForEncodings = 1;
			mainGroup = 29B97314FDCFA39411CA2CEA /* CustomTemplate */;
			projectDirPath = "";
			projectRoot = "";
			targets = (
				1D6058900D05DD3D006BFB54 /* ianimate */,
			);
		};
/* End PBXProject section */

/* Begin PBXResourcesBuildPhase section */
		1D60588D0D05DD3D006BFB54 /* Resources */ = {
			isa = PBXResourcesBuildPhase;
			buildActionMask = 2147483647;
			files = (
				28AD733F0D9D9553002E5188 /* MainWindow.xib in Resources */,
				2899E5220DE3E06400AC0155 /* ianimateViewController.xib in Resources */,
				FBBFBB850EA9501200019F43 /* clipartPlane.png in Resources */,
				2BA78E160F746936001C5ADF /* back.png in Resources */,
				2B9A8FD80F7D5FE900A9E7BB /* little-dude.png in Resources */,
				2BBAB0ED0F9AEA3100E3FC14 /* background.pdf in Resources */,
				2BBAB3410F9B06BD00E3FC14 /* back2.png in Resources */,
				2B8F1DE50F9BD39C00A62EB6 /* girl.png in Resources */,
				2B8F1E200F9BD5E000A62EB6 /* circle.png in Resources */,
				2B8F1EA30F9BEEA900A62EB6 /* sample.mp3 in Resources */,
				2B8F1F230F9BF29100A62EB6 /* Pop.aiff in Resources */,
			);
			runOnlyForDeploymentPostprocessing = 0;
		};
/* End PBXResourcesBuildPhase section */

/* Begin PBXSourcesBuildPhase section */
		1D60588E0D05DD3D006BFB54 /* Sources */ = {
			isa = PBXSourcesBuildPhase;
			buildActionMask = 2147483647;
			files = (
				1D60589B0D05DD56006BFB54 /* main.m in Sources */,
				1D3623260D0F684500981E51 /* ianimateAppDelegate.m in Sources */,
				28D7ACF80DDB3853001CB0EB /* ianimateViewController.m in Sources */,
				2B4DD2790F786253004F44C2 /* AccelerometerSimulation.m in Sources */,
				2B6461830F9AD97000B8B23D /* GameData.m in Sources */,
				2B6461B70F9ADB5F00B8B23D /* GameObject.m in Sources */,
				2B6461C50F9ADBFB00B8B23D /* LittleDudeObject.m in Sources */,
				2B64626E0F9AE1AF00B8B23D /* GameObjectLayer.m in Sources */,
				2B6462A10F9AE23700B8B23D /* ImageLayer.m in Sources */,
				2BBAB0AE0F9AE79D00E3FC14 /* AsteroidFrontLayer.m in Sources */,
				2BBAB2260F9AFD7A00E3FC14 /* QuartzUtils.m in Sources */,
				2BBAB2350F9AFDCD00E3FC14 /* GGBUtils.m in Sources */,
				2B8F20330F9C081C00A62EB6 /* GGBLayer.m in Sources */,
				2B8F20340F9C081C00A62EB6 /* GGBTextLayer.m in Sources */,
			);
			runOnlyForDeploymentPostprocessing = 0;
		};
/* End PBXSourcesBuildPhase section */

/* Begin XCBuildConfiguration section */
		1D6058940D05DD3E006BFB54 /* Debug */ = {
			isa = XCBuildConfiguration;
			buildSettings = {
				ALWAYS_SEARCH_USER_PATHS = NO;
				COPY_PHASE_STRIP = NO;
				GCC_DYNAMIC_NO_PIC = NO;
				GCC_OPTIMIZATION_LEVEL = 0;
				GCC_PRECOMPILE_PREFIX_HEADER = YES;
				GCC_PREFIX_HEADER = ianimate_Prefix.pch;
				INFOPLIST_FILE = Info.plist;
				PRODUCT_NAME = ianimate;
			};
			name = Debug;
		};
		1D6058950D05DD3E006BFB54 /* Release */ = {
			isa = XCBuildConfiguration;
			buildSettings = {
				ALWAYS_SEARCH_USER_PATHS = NO;
				COPY_PHASE_STRIP = YES;
				GCC_PRECOMPILE_PREFIX_HEADER = YES;
				GCC_PREFIX_HEADER = ianimate_Prefix.pch;
				INFOPLIST_FILE = Info.plist;
				PRODUCT_NAME = ianimate;
			};
			name = Release;
		};
		C01FCF4F08A954540054247B /* Debug */ = {
			isa = XCBuildConfiguration;
			buildSettings = {
				ARCHS = "$(ARCHS_STANDARD_32_BIT)";
				"CODE_SIGN_IDENTITY[sdk=iphoneos*]" = "iPhone Developer";
				GCC_C_LANGUAGE_STANDARD = c99;
				GCC_WARN_ABOUT_RETURN_TYPE = YES;
				GCC_WARN_UNUSED_VARIABLE = YES;
				ONLY_ACTIVE_ARCH = YES;
				PREBINDING = NO;
				SDKROOT = iphoneos2.1;
			};
			name = Debug;
		};
		C01FCF5008A954540054247B /* Release */ = {
			isa = XCBuildConfiguration;
			buildSettings = {
				ARCHS = "$(ARCHS_STANDARD_32_BIT)";
				"CODE_SIGN_IDENTITY[sdk=iphoneos*]" = "iPhone Developer";
				GCC_C_LANGUAGE_STANDARD = c99;
				GCC_WARN_ABOUT_RETURN_TYPE = YES;
				GCC_WARN_UNUSED_VARIABLE = YES;
				PREBINDING = NO;
				SDKROOT = iphoneos2.1;
			};
			name = Release;
		};
/* End XCBuildConfiguration section */

/* Begin XCConfigurationList section */
		1D6058960D05DD3E006BFB54 /* Build configuration list for PBXNativeTarget "ianimate" */ = {
			isa = XCConfigurationList;
			buildConfigurations = (
				1D6058940D05DD3E006BFB54 /* Debug */,
				1D6058950D05DD3E006BFB54 /* Release */,
			);
			defaultConfigurationIsVisible = 0;
			defaultConfigurationName = Release;
		};
		C01FCF4E08A954540054247B /* Build configuration list for PBXProject "ianimate" */ = {
			isa = XCConfigurationList;
			buildConfigurations = (
				C01FCF4F08A954540054247B /* Debug */,
				C01FCF5008A954540054247B /* Release */,
			);
			defaultConfigurationIsVisible = 0;
			defaultConfigurationName = Release;
		};
/* End XCConfigurationList section */
	};
	rootObject = 29B97313FDCFA39411CA2CEA /* Project object */;
}
